
Microsoft Visual Studio Solution File, Format Version 12.00
# Visual Studio 2015
Project("{FAE04EC0-301F-11D3-BF4B-00C04F79EFBC}") = "2DPlatformerGame.CSharp", "2DPlatformerGame.CSharp.csproj", "{70063AF8-D295-CA43-D9F4-87D7ACD4F695}"
EndProject
Global
	GlobalSection(SolutionConfigurationPlatforms) = preSolution
		Debug|Any CPU = Debug|Any CPU
		Release|Any CPU = Release|Any CPU
	EndGlobalSection
	GlobalSection(ProjectConfigurationPlatforms) = postSolution
		{70063AF8-D295-CA43-D9F4-87D7ACD4F695}.Debug|Any CPU.ActiveCfg = Debug|Any CPU
		{70063AF8-D295-CA43-D9F4-87D7ACD4F695}.Debug|Any CPU.Build.0 = Debug|Any CPU
		{70063AF8-D295-CA43-D9F4-87D7ACD4F695}.Release|Any CPU.ActiveCfg = Release|Any CPU
		{70063AF8-D295-CA43-D9F4-87D7ACD4F695}.Release|Any CPU.Build.0 = Release|Any CPU
	EndGlobalSection
	GlobalSection(SolutionProperties) = preSolution
		HideSolutionNode = FALSE
	EndGlobalSection
EndGlobal
